// !$*UTF8*$!
{
	archiveVersion = 1;
	classes = {
	};
	objectVersion = 46;
	objects = {

/* Begin PBXBuildFile section */
		7629013E1E819CF2009A75E5 /* AppDelegate.swift in Sources */ = {isa = PBXBuildFile; fileRef = 7629013D1E819CF2009A75E5 /* AppDelegate.swift */; };
		762901401E819CF2009A75E5 /* ViewController.swift in Sources */ = {isa = PBXBuildFile; fileRef = 7629013F1E819CF2009A75E5 /* ViewController.swift */; };
		762901431E819CF2009A75E5 /* Main.storyboard in Resources */ = {isa = PBXBuildFile; fileRef = 762901411E819CF2009A75E5 /* Main.storyboard */; };
		762901451E819CF2009A75E5 /* Assets.xcassets in Resources */ = {isa = PBXBuildFile; fileRef = 762901441E819CF2009A75E5 /* Assets.xcassets */; };
		762901481E819CF2009A75E5 /* LaunchScreen.storyboard in Resources */ = {isa = PBXBuildFile; fileRef = 762901461E819CF2009A75E5 /* LaunchScreen.storyboard */; };
/* End PBXBuildFile section */

/* Begin PBXFileReference section */
		7629013A1E819CF2009A75E5 /* TinkoffChatAuth.app */ = {isa = PBXFileReference; explicitFileType = wrapper.application; includeInIndex = 0; path = TinkoffChatAuth.app; sourceTree = BUILT_PRODUCTS_DIR; };
		7629013D1E819CF2009A75E5 /* AppDelegate.swift */ = {isa = PBXFileReference; lastKnownFileType = sourcecode.swift; path = AppDelegate.swift; sourceTree = "<group>"; };
		7629013F1E819CF2009A75E5 /* ViewController.swift */ = {isa = PBXFileReference; lastKnownFileType = sourcecode.swift; path = ViewController.swift; sourceTree = "<group>"; };
		762901421E819CF2009A75E5 /* Base */ = {isa = PBXFileReference; lastKnownFileType = file.storyboard; name = Base; path = Base.lproj/Main.storyboard; sourceTree = "<group>"; };
		762901441E819CF2009A75E5 /* Assets.xcassets */ = {isa = PBXFileReference; lastKnownFileType = folder.assetcatalog; path = Assets.xcassets; sourceTree = "<group>"; };
		762901471E819CF2009A75E5 /* Base */ = {isa = PBXFileReference; lastKnownFileType = file.storyboard; name = Base; path = Base.lproj/LaunchScreen.storyboard; sourceTree = "<group>"; };
		762901491E819CF2009A75E5 /* Info.plist */ = {isa = PBXFileReference; lastKnownFileType = text.plist.xml; path = Info.plist; sourceTree = "<group>"; };
/* End PBXFileReference section */

/* Begin PBXFrameworksBuildPhase section */
		762901371E819CF1009A75E5 /* Frameworks */ = {
			isa = PBXFrameworksBuildPhase;
			buildActionMask = 2147483647;
			files = (
			);
			runOnlyForDeploymentPostprocessing = 0;
		};
/* End PBXFrameworksBuildPhase section */

/* Begin PBXGroup section */
		762901311E819CF1009A75E5 = {
			isa = PBXGroup;
			children = (
				7629013C1E819CF2009A75E5 /* TinkoffChatAuth */,
				7629013B1E819CF2009A75E5 /* Products */,
			);
			sourceTree = "<group>";
		};
		7629013B1E819CF2009A75E5 /* Products */ = {
			isa = PBXGroup;
			children = (
				7629013A1E819CF2009A75E5 /* TinkoffChatAuth.app */,
			);
			name = Products;
			sourceTree = "<group>";
		};
		7629013C1E819CF2009A75E5 /* TinkoffChatAuth */ = {
			isa = PBXGroup;
			children = (
				7629013D1E819CF2009A75E5 /* AppDelegate.swift */,
				7629013F1E819CF2009A75E5 /* ViewController.swift */,
				762901411E819CF2009A75E5 /* Main.storyboard */,
				762901441E819CF2009A75E5 /* Assets.xcassets */,
				762901461E819CF2009A75E5 /* LaunchScreen.storyboard */,
				762901491E819CF2009A75E5 /* Info.plist */,
			);
			path = TinkoffChatAuth;
			sourceTree = "<group>";
		};
/* End PBXGroup section */

/* Begin PBXNativeTarget section */
		762901391E819CF1009A75E5 /* TinkoffChatAuth */ = {
			isa = PBXNativeTarget;
			buildConfigurationList = 7629014C1E819CF2009A75E5 /* Build configuration list for PBXNativeTarget "TinkoffChatAuth" */;
			buildPhases = (
				762901361E819CF1009A75E5 /* Sources */,
				762901371E819CF1009A75E5 /* Frameworks */,
				762901381E819CF1009A75E5 /* Resources */,
			);
			buildRules = (
			);
			dependencies = (
			);
			name = TinkoffChatAuth;
			productName = TinkoffChatAuth;
			productReference = 7629013A1E819CF2009A75E5 /* TinkoffChatAuth.app */;
			productType = "com.apple.product-type.application";
		};
/* End PBXNativeTarget section */

/* Begin PBXProject section */
		762901321E819CF1009A75E5 /* Project object */ = {
			isa = PBXProject;
			attributes = {
				LastSwiftUpdateCheck = 0820;
				LastUpgradeCheck = 0820;
				TargetAttributes = {
					762901391E819CF1009A75E5 = {
						CreatedOnToolsVersion = 8.2.1;
						ProvisioningStyle = Automatic;
					};
				};
			};
			buildConfigurationList = 762901351E819CF1009A75E5 /* Build configuration list for PBXProject "TinkoffChatAuth" */;
			compatibilityVersion = "Xcode 3.2";
			developmentRegion = English;
			hasScannedForEncodings = 0;
			knownRegions = (
				en,
				Base,
			);
			mainGroup = 762901311E819CF1009A75E5;
			productRefGroup = 7629013B1E819CF2009A75E5 /* Products */;
			projectDirPath = "";
			projectRoot = "";
			targets = (
				762901391E819CF1009A75E5 /* TinkoffChatAuth */,
			);
		};
/* End PBXProject section */

/* Begin PBXResourcesBuildPhase section */
		762901381E819CF1009A75E5 /* Resources */ = {
			isa = PBXResourcesBuildPhase;
			buildActionMask = 2147483647;
			files = (
				762901481E819CF2009A75E5 /* LaunchScreen.storyboard in Resources */,
				762901451E819CF2009A75E5 /* Assets.xcassets in Resources */,
				762901431E819CF2009A75E5 /* Main.storyboard in Resources */,
			);
			runOnlyForDeploymentPostprocessing = 0;
		};
/* End PBXResourcesBuildPhase section */

/* Begin PBXSourcesBuildPhase section */
		762901361E819CF1009A75E5 /* Sources */ = {
			isa = PBXSourcesBuildPhase;
			buildActionMask = 2147483647;
			files = (
				762901401E819CF2009A75E5 /* ViewController.swift in Sources */,
				7629013E1E819CF2009A75E5 /* AppDelegate.swift in Sources */,
			);
			runOnlyForDeploymentPostprocessing = 0;
		};
/* End PBXSourcesBuildPhase section */

/* Begin PBXVariantGroup section */
		762901411E819CF2009A75E5 /* Main.storyboard */ = {
			isa = PBXVariantGroup;
			children = (
				762901421E819CF2009A75E5 /* Base */,
			);
			name = Main.storyboard;
			sourceTree = "<group>";
		};
		762901461E819CF2009A75E5 /* LaunchScreen.storyboard */ = {
			isa = PBXVariantGroup;
			children = (
				762901471E819CF2009A75E5 /* Base */,
			);
			name = LaunchScreen.storyboard;
			sourceTree = "<group>";
		};
/* End PBXVariantGroup section */

/* Begin XCBuildConfiguration section */
		7629014A1E819CF2009A75E5 /* Debug */ = {
			isa = XCBuildConfiguration;
			buildSettings = {
				ALWAYS_SEARCH_USER_PATHS = NO;
				CLANG_ANALYZER_NONNULL = YES;
				CLANG_CXX_LANGUAGE_STANDARD = "gnu++0x";
				CLANG_CXX_LIBRARY = "libc++";
				CLANG_ENABLE_MODULES = YES;
				CLANG_ENABLE_OBJC_ARC = YES;
				CLANG_WARN_BOOL_CONVERSION = YES;
				CLANG_WARN_CONSTANT_CONVERSION = YES;
				CLANG_WARN_DIRECT_OBJC_ISA_USAGE = YES_ERROR;
				CLANG_WARN_DOCUMENTATION_COMMENTS = YES;
				CLANG_WARN_EMPTY_BODY = YES;
				CLANG_WARN_ENUM_CONVERSION = YES;
				CLANG_WARN_INFINITE_RECURSION = YES;
				CLANG_WARN_INT_CONVERSION = YES;
				CLANG_WARN_OBJC_ROOT_CLASS = YES_ERROR;
				CLANG_WARN_SUSPICIOUS_MOVE = YES;
				CLANG_WARN_UNREACHABLE_CODE = YES;
				CLANG_WARN__DUPLICATE_METHOD_MATCH = YES;
				"CODE_SIGN_IDENTITY[sdk=iphoneos*]" = "iPhone Developer";
				COPY_PHASE_STRIP = NO;
				DEBUG_INFORMATION_FORMAT = dwarf;
				ENABLE_STRICT_OBJC_MSGSEND = YES;
				ENABLE_TESTABILITY = YES;
				GCC_C_LANGUAGE_STANDARD = gnu99;
				GCC_DYNAMIC_NO_PIC = NO;
				GCC_NO_COMMON_BLOCKS = YES;
				GCC_OPTIMIZATION_LEVEL = 0;
				GCC_PREPROCESSOR_DEFINITIONS = (
					"DEBUG=1",
					"$(inherited)",
				);
				GCC_WARN_64_TO_32_BIT_CONVERSION = YES;
				GCC_WARN_ABOUT_RETURN_TYPE = YES_ERROR;
				GCC_WARN_UNDECLARED_SELECTOR = YES;
				GCC_WARN_UNINITIALIZED_AUTOS = YES_AGGRESSIVE;
				GCC_WARN_UNUSED_FUNCTION = YES;
				GCC_WARN_UNUSED_VARIABLE = YES;
				IPHONEOS_DEPLOYMENT_TARGET = 10.2;
				MTL_ENABLE_DEBUG_INFO = YES;
				ONLY_ACTIVE_ARCH = YES;
				SDKROOT = iphoneos;
				SWIFT_ACTIVE_COMPILATION_CONDITIONS = DEBUG;
				SWIFT_OPTIMIZATION_LEVEL = "-Onone";
			};
			name = Debug;
		};
		7629014B1E819CF2009A75E5 /* Release */ = {
			isa = XCBuildConfiguration;
			buildSettings = {
				ALWAYS_SEARCH_USER_PATHS = NO;
				CLANG_ANALYZER_NONNULL = YES;
				CLANG_CXX_LANGUAGE_STANDARD = "gnu++0x";
				CLANG_CXX_LIBRARY = "libc++";
				CLANG_ENABLE_MODULES = YES;
				CLANG_ENABLE_OBJC_ARC = YES;
				CLANG_WARN_BOOL_CONVERSION = YES;
				CLANG_WARN_CONSTANT_CONVERSION = YES;
				CLANG_WARN_DIRECT_OBJC_ISA_USAGE = YES_ERROR;
				CLANG_WARN_DOCUMENTATION_COMMENTS = YES;
				CLANG_WARN_EMPTY_BODY = YES;
				CLANG_WARN_ENUM_CONVERSION = YES;
				CLANG_WARN_INFINITE_RECURSION = YES;
				CLANG_WARN_INT_CONVERSION = YES;
				CLANG_WARN_OBJC_ROOT_CLASS = YES_ERROR;
				CLANG_WARN_SUSPICIOUS_MOVE = YES;
				CLANG_WARN_UNREACHABLE_CODE = YES;
				CLANG_WARN__DUPLICATE_METHOD_MATCH = YES;
				"CODE_SIGN_IDENTITY[sdk=iphoneos*]" = "iPhone Developer";
				COPY_PHASE_STRIP = NO;
				DEBUG_INFORMATION_FORMAT = "dwarf-with-dsym";
				ENABLE_NS_ASSERTIONS = NO;
				ENABLE_STRICT_OBJC_MSGSEND = YES;
				GCC_C_LANGUAGE_STANDARD = gnu99;
				GCC_NO_COMMON_BLOCKS = YES;
				GCC_WARN_64_TO_32_BIT_CONVERSION = YES;
				GCC_WARN_ABOUT_RETURN_TYPE = YES_ERROR;
				GCC_WARN_UNDECLARED_SELECTOR = YES;
				GCC_WARN_UNINITIALIZED_AUTOS = YES_AGGRESSIVE;
				GCC_WARN_UNUSED_FUNCTION = YES;
				GCC_WARN_UNUSED_VARIABLE = YES;
				IPHONEOS_DEPLOYMENT_TARGET = 10.2;
				MTL_ENABLE_DEBUG_INFO = NO;
				SDKROOT = iphoneos;
				SWIFT_OPTIMIZATION_LEVEL = "-Owholemodule";
				VALIDATE_PRODUCT = YES;
			};
			name = Release;
		};
		7629014D1E819CF2009A75E5 /* Debug */ = {
			isa = XCBuildConfiguration;
			buildSettings = {
				ASSETCATALOG_COMPILER_APPICON_NAME = AppIcon;
				INFOPLIST_FILE = TinkoffChatAuth/Info.plist;
				LD_RUNPATH_SEARCH_PATHS = "$(inherited) @executable_path/Frameworks";
				PRODUCT_BUNDLE_IDENTIFIER = rav.TinkoffChatAuth;
				PRODUCT_NAME = "$(TARGET_NAME)";
				SWIFT_VERSION = 3.0;
			};
			name = Debug;
		};
		7629014E1E819CF2009A75E5 /* Release */ = {
			isa = XCBuildConfiguration;
			buildSettings = {
				ASSETCATALOG_COMPILER_APPICON_NAME = AppIcon;
				INFOPLIST_FILE = TinkoffChatAuth/Info.plist;
				LD_RUNPATH_SEARCH_PATHS = "$(inherited) @executable_path/Frameworks";
				PRODUCT_BUNDLE_IDENTIFIER = rav.TinkoffChatAuth;
				PRODUCT_NAME = "$(TARGET_NAME)";
				SWIFT_VERSION = 3.0;
			};
			name = Release;
		};
/* End XCBuildConfiguration section */

/* Begin XCConfigurationList section */
		762901351E819CF1009A75E5 /* Build configuration list for PBXProject "TinkoffChatAuth" */ = {
			isa = XCConfigurationList;
			buildConfigurations = (
				7629014A1E819CF2009A75E5 /* Debug */,
				7629014B1E819CF2009A75E5 /* Release */,
			);
			defaultConfigurationIsVisible = 0;
			defaultConfigurationName = Release;
		};
		7629014C1E819CF2009A75E5 /* Build configuration list for PBXNativeTarget "TinkoffChatAuth" */ = {
			isa = XCConfigurationList;
			buildConfigurations = (
				7629014D1E819CF2009A75E5 /* Debug */,
				7629014E1E819CF2009A75E5 /* Release */,
			);
			defaultConfigurationIsVisible = 0;
		};
/* End XCConfigurationList section */
	};
	rootObject = 762901321E819CF1009A75E5 /* Project object */;
}
